
Microsoft Visual Studio Solution File, Format Version 12.00
# Visual Studio Version 17
VisualStudioVersion = 17.14.36603.0 d17.14
MinimumVisualStudioVersion = 10.0.40219.1
Project("{FAE04EC0-301F-11D3-BF4B-00C04F79EFBC}") = "TransGBViewer", "TransGBViewer\TransGBViewer.csproj", "{24DD20F1-B80C-4081-9516-14D4CE0BDEEB}"
EndProject
Global
	GlobalSection(SolutionConfigurationPlatforms) = preSolution
		Debug|Any CPU = Debug|Any CPU
		Release|Any CPU = Release|Any CPU
	EndGlobalSection
	GlobalSection(ProjectConfigurationPlatforms) = postSolution
		{24DD20F1-B80C-4081-9516-14D4CE0BDEEB}.Debug|Any CPU.ActiveCfg = Debug|Any CPU
		{24DD20F1-B80C-4081-9516-14D4CE0BDEEB}.Debug|Any CPU.Build.0 = Debug|Any CPU
		{24DD20F1-B80C-4081-9516-14D4CE0BDEEB}.Release|Any CPU.ActiveCfg = Release|Any CPU
		{24DD20F1-B80C-4081-9516-14D4CE0BDEEB}.Release|Any CPU.Build.0 = Release|Any CPU
	EndGlobalSection
	GlobalSection(SolutionProperties) = preSolution
		HideSolutionNode = FALSE
	EndGlobalSection
	GlobalSection(ExtensibilityGlobals) = postSolution
		SolutionGuid = {B960B1D3-A03E-4952-8781-940189D2C12E}
	EndGlobalSection
EndGlobal
